<?xml version="1.0" encoding="utf-8"?>
<Project ToolsVersion="4.0" xmlns="http://schemas.microsoft.com/developer/msbuild/2003">
  <ItemGroup>
    <Filter Include="소스 파일">
      <UniqueIdentifier>{4FC737F1-C7A5-4376-A066-2A32D752A2FF}</UniqueIdentifier>
      <Extensions>cpp;c;cc;cxx;c++;cppm;ixx;def;odl;idl;hpj;bat;asm;asmx</Extensions>
    </Filter>
    <Filter Include="헤더 파일">
      <UniqueIdentifier>{93995380-89BD-4b04-88EB-625FBE52EBFB}</UniqueIdentifier>
      <Extensions>h;hh;hpp;hxx;h++;hm;inl;inc;ipp;xsd</Extensions>
    </Filter>
    <Filter Include="리소스 파일">
      <UniqueIdentifier>{67DA6AB6-F800-4c08-8B7A-83BB121AAD01}</UniqueIdentifier>
      <Extensions>rc;ico;cur;bmp;dlg;rc2;rct;bin;rgs;gif;jpg;jpeg;jpe;resx;tiff;tif;png;wav;mfcribbon-ms</Extensions>
    </Filter>
    <Filter Include="Shaders">
      <UniqueIdentifier>{585c5148-967a-4d5f-a09d-d20fe6aa6406}</UniqueIdentifier>
    </Filter>
    <Filter Include="소스 파일\Imgui">
      <UniqueIdentifier>{a6bd8d43-3915-46c6-83c2-f13060767e21}</UniqueIdentifier>
    </Filter>
  </ItemGroup>
  <ItemGroup>
    <ClCompile Include="main.cpp">
      <Filter>소스 파일</Filter>
    </ClCompile>
    <ClCompile Include="Renderer.cpp">
      <Filter>소스 파일</Filter>
    </ClCompile>
    <ClCompile Include="InputManager.cpp">
      <Filter>소스 파일</Filter>
    </ClCompile>
    <ClCompile Include="Camera.cpp">
      <Filter>소스 파일</Filter>
    </ClCompile>
    <ClCompile Include="Logger.cpp">
      <Filter>소스 파일</Filter>
    </ClCompile>
    <ClCompile Include="ScreenManager.cpp">
      <Filter>소스 파일</Filter>
    </ClCompile>
    <ClCompile Include="Timer.cpp">
      <Filter>소스 파일</Filter>
    </ClCompile>
    <ClCompile Include="MapManager.cpp">
      <Filter>소스 파일</Filter>
    </ClCompile>
    <ClCompile Include="Chunk.cpp">
      <Filter>소스 파일</Filter>
    </ClCompile>
    <ClCompile Include="MeshBuilder.cpp">
      <Filter>소스 파일</Filter>
    </ClCompile>
    <ClCompile Include="BlockMeshData.cpp">
      <Filter>소스 파일</Filter>
    </ClCompile>
    <ClCompile Include="BufferPool.cpp">
      <Filter>소스 파일</Filter>
    </ClCompile>
    <ClCompile Include="SkyBox.cpp">
      <Filter>소스 파일</Filter>
    </ClCompile>
    <ClCompile Include="GPUResourceService.cpp">
      <Filter>소스 파일</Filter>
    </ClCompile>
    <ClCompile Include="DeviceFactory.cpp">
      <Filter>소스 파일</Filter>
    </ClCompile>
    <ClCompile Include="BiomePolicy.cpp">
      <Filter>소스 파일</Filter>
    </ClCompile>
    <ClCompile Include="TextureManager.cpp">
      <Filter>소스 파일</Filter>
    </ClCompile>
    <ClCompile Include="BlockLoader.cpp">
      <Filter>소스 파일</Filter>
    </ClCompile>
    <ClCompile Include="PathUtils.cpp">
      <Filter>소스 파일</Filter>
    </ClCompile>
    <ClCompile Include="RuntimeConfig.cpp">
      <Filter>소스 파일</Filter>
    </ClCompile>
    <ClCompile Include="AdaptiveRenderDistanceController.cpp">
      <Filter>소스 파일</Filter>
    </ClCompile>
    <ClCompile Include="..\third_party\imgui\imgui.cpp">
      <Filter>소스 파일\Imgui</Filter>
    </ClCompile>
    <ClCompile Include="..\third_party\imgui\imgui_demo.cpp">
      <Filter>소스 파일\Imgui</Filter>
    </ClCompile>
    <ClCompile Include="..\third_party\imgui\imgui_draw.cpp">
      <Filter>소스 파일\Imgui</Filter>
    </ClCompile>
    <ClCompile Include="..\third_party\imgui\imgui_impl_dx11.cpp">
      <Filter>소스 파일\Imgui</Filter>
    </ClCompile>
    <ClCompile Include="..\third_party\imgui\imgui_impl_win32.cpp">
      <Filter>소스 파일\Imgui</Filter>
    </ClCompile>
    <ClCompile Include="..\third_party\imgui\imgui_tables.cpp">
      <Filter>소스 파일\Imgui</Filter>
    </ClCompile>
    <ClCompile Include="..\third_party\imgui\imgui_widgets.cpp">
      <Filter>소스 파일\Imgui</Filter>
    </ClCompile>
  </ItemGroup>
  <ItemGroup>
    <FxCompile Include="..\shaders\Shader.hlsl">
      <Filter>Shaders</Filter>
    </FxCompile>
    <FxCompile Include="..\shaders\SkyBox.hlsl">
      <Filter>Shaders</Filter>
    </FxCompile>
  </ItemGroup>
  <ItemGroup>
    <ClInclude Include="..\includes\AdaptiveRenderDistanceController.h">
      <Filter>헤더 파일</Filter>
    </ClInclude>
    <ClInclude Include="..\includes\BiomePolicy.h">
      <Filter>헤더 파일</Filter>
    </ClInclude>
    <ClInclude Include="..\includes\BlockLoader.h">
      <Filter>헤더 파일</Filter>
    </ClInclude>
    <ClInclude Include="..\includes\BlockMaterial.h">
      <Filter>헤더 파일</Filter>
    </ClInclude>
    <ClInclude Include="..\includes\BlockMaterialTable.h">
      <Filter>헤더 파일</Filter>
    </ClInclude>
    <ClInclude Include="..\includes\BlockMeshData.h">
      <Filter>헤더 파일</Filter>
    </ClInclude>
    <ClInclude Include="..\includes\BlockTextureType.h">
      <Filter>헤더 파일</Filter>
    </ClInclude>
    <ClInclude Include="..\includes\BlockType.h">
      <Filter>헤더 파일</Filter>
    </ClInclude>
    <ClInclude Include="..\includes\BlockVertex.h">
      <Filter>헤더 파일</Filter>
    </ClInclude>
    <ClInclude Include="..\includes\BufferPool.h">
      <Filter>헤더 파일</Filter>
    </ClInclude>
    <ClInclude Include="..\includes\Camera.h">
      <Filter>헤더 파일</Filter>
    </ClInclude>
    <ClInclude Include="..\includes\Chunk.h">
      <Filter>헤더 파일</Filter>
    </ClInclude>
    <ClInclude Include="..\includes\ChunkInfo.h">
      <Filter>헤더 파일</Filter>
    </ClInclude>
    <ClInclude Include="..\includes\ChunkMath.h">
      <Filter>헤더 파일</Filter>
    </ClInclude>
    <ClInclude Include="..\includes\ChunkMesh.h">
      <Filter>헤더 파일</Filter>
    </ClInclude>
    <ClInclude Include="..\includes\DeviceFactory.h">
      <Filter>헤더 파일</Filter>
    </ClInclude>
    <ClInclude Include="..\includes\FastNoiseLite.h">
      <Filter>헤더 파일</Filter>
    </ClInclude>
    <ClInclude Include="..\includes\GPUResourceService.h">
      <Filter>헤더 파일</Filter>
    </ClInclude>
    <ClInclude Include="..\includes\InputManager.h">
      <Filter>헤더 파일</Filter>
    </ClInclude>
    <ClInclude Include="..\includes\IVector3.h">
      <Filter>헤더 파일</Filter>
    </ClInclude>
    <ClInclude Include="..\includes\Logger.h">
      <Filter>헤더 파일</Filter>
    </ClInclude>
    <ClInclude Include="..\includes\MapManager.h">
      <Filter>헤더 파일</Filter>
    </ClInclude>
    <ClInclude Include="..\includes\MeshBuilder.h">
      <Filter>헤더 파일</Filter>
    </ClInclude>
    <ClInclude Include="..\includes\MeshData.h">
      <Filter>헤더 파일</Filter>
    </ClInclude>
    <ClInclude Include="..\includes\PathUtils.h">
      <Filter>헤더 파일</Filter>
    </ClInclude>
    <ClInclude Include="..\includes\Renderer.h">
      <Filter>헤더 파일</Filter>
    </ClInclude>
    <ClInclude Include="..\includes\RuntimeConfig.h">
      <Filter>헤더 파일</Filter>
    </ClInclude>
    <ClInclude Include="..\includes\ScopedProfiler.h">
      <Filter>헤더 파일</Filter>
    </ClInclude>
    <ClInclude Include="..\includes\ScreenManager.h">
      <Filter>헤더 파일</Filter>
    </ClInclude>
    <ClInclude Include="..\includes\SkyBox.h">
      <Filter>헤더 파일</Filter>
    </ClInclude>
    <ClInclude Include="..\includes\StreamingPolicy.h">
      <Filter>헤더 파일</Filter>
    </ClInclude>
    <ClInclude Include="..\includes\TextureManager.h">
      <Filter>헤더 파일</Filter>
    </ClInclude>
    <ClInclude Include="..\includes\Timer.h">
      <Filter>헤더 파일</Filter>
    </ClInclude>
    <ClInclude Include="..\includes\Types.h">
      <Filter>헤더 파일</Filter>
    </ClInclude>
    <ClInclude Include="..\includes\WorldConfig.h">
      <Filter>헤더 파일</Filter>
    </ClInclude>
    <ClInclude Include="..\includes\WVPMatrix.h">
      <Filter>헤더 파일</Filter>
    </ClInclude>
  </ItemGroup>
</Project>